
Microsoft Visual Studio Solution File, Format Version 12.00
# Visual Studio Version 16
VisualStudioVersion = 16.0.29519.87
MinimumVisualStudioVersion = 10.0.40219.1
Project("{9A19103F-16F7-4668-BE54-9A1E7A4F7556}") = "CX_Graphql", "CX_Graphql.csproj", "{73945C73-944E-4B27-A7E8-0BB170876D6B}"
EndProject
Global
	GlobalSection(SolutionConfigurationPlatforms) = preSolution
		Debug|Any CPU = Debug|Any CPU
		Release|Any CPU = Release|Any CPU
	EndGlobalSection
	GlobalSection(ProjectConfigurationPlatforms) = postSolution
		{73945C73-944E-4B27-A7E8-0BB170876D6B}.Debug|Any CPU.ActiveCfg = Debug|Any CPU
		{73945C73-944E-4B27-A7E8-0BB170876D6B}.Debug|Any CPU.Build.0 = Debug|Any CPU
		{73945C73-944E-4B27-A7E8-0BB170876D6B}.Release|Any CPU.ActiveCfg = Release|Any CPU
		{73945C73-944E-4B27-A7E8-0BB170876D6B}.Release|Any CPU.Build.0 = Release|Any CPU
	EndGlobalSection
	GlobalSection(SolutionProperties) = preSolution
		HideSolutionNode = FALSE
	EndGlobalSection
	GlobalSection(ExtensibilityGlobals) = postSolution
		SolutionGuid = {D477CD81-36B0-48D5-9490-EF5C175F064B}
	EndGlobalSection
EndGlobal
